
Microsoft Visual Studio Solution File, Format Version 12.00
# Visual Studio 15
Project("{FAE04EC0-301F-11D3-BF4B-00C04F79EFBC}") = "Assembly-CSharp", "Assembly-CSharp.csproj", "{73DCC23C-9383-894F-4EF0-275A6BA5B715}"
EndProject
Project("{FAE04EC0-301F-11D3-BF4B-00C04F79EFBC}") = "Assembly-CSharp-Editor", "Assembly-CSharp-Editor.csproj", "{238CF791-4A2A-632A-6271-8453CE7640C2}"
EndProject
Global
	GlobalSection(SolutionConfigurationPlatforms) = preSolution
		Debug|Any CPU = Debug|Any CPU
		Release|Any CPU = Release|Any CPU
	EndGlobalSection
	GlobalSection(ProjectConfigurationPlatforms) = postSolution
		{73DCC23C-9383-894F-4EF0-275A6BA5B715}.Debug|Any CPU.ActiveCfg = Debug|Any CPU
		{73DCC23C-9383-894F-4EF0-275A6BA5B715}.Debug|Any CPU.Build.0 = Debug|Any CPU
		{73DCC23C-9383-894F-4EF0-275A6BA5B715}.Release|Any CPU.ActiveCfg = Release|Any CPU
		{73DCC23C-9383-894F-4EF0-275A6BA5B715}.Release|Any CPU.Build.0 = Release|Any CPU
		{238CF791-4A2A-632A-6271-8453CE7640C2}.Debug|Any CPU.ActiveCfg = Debug|Any CPU
		{238CF791-4A2A-632A-6271-8453CE7640C2}.Debug|Any CPU.Build.0 = Debug|Any CPU
		{238CF791-4A2A-632A-6271-8453CE7640C2}.Release|Any CPU.ActiveCfg = Release|Any CPU
		{238CF791-4A2A-632A-6271-8453CE7640C2}.Release|Any CPU.Build.0 = Release|Any CPU
	EndGlobalSection
	GlobalSection(SolutionProperties) = preSolution
		HideSolutionNode = FALSE
	EndGlobalSection
EndGlobal
